// !$*UTF8*$!
{
	archiveVersion = 1;
	classes = {
	};
	objectVersion = 50;
	objects = {

/* Begin PBXBuildFile section */
		085CDCA324E64AB2005B049B /* AppDelegate.swift in Sources */ = {isa = PBXBuildFile; fileRef = 085CDCA224E64AB2005B049B /* AppDelegate.swift */; };
		085CDCA524E64AB2005B049B /* SceneDelegate.swift in Sources */ = {isa = PBXBuildFile; fileRef = 085CDCA424E64AB2005B049B /* SceneDelegate.swift */; };
		085CDCA724E64AB2005B049B /* ViewController.swift in Sources */ = {isa = PBXBuildFile; fileRef = 085CDCA624E64AB2005B049B /* ViewController.swift */; };
		085CDCAA24E64AB2005B049B /* Main.storyboard in Resources */ = {isa = PBXBuildFile; fileRef = 085CDCA824E64AB2005B049B /* Main.storyboard */; };
		085CDCAC24E64AB3005B049B /* Assets.xcassets in Resources */ = {isa = PBXBuildFile; fileRef = 085CDCAB24E64AB3005B049B /* Assets.xcassets */; };
		085CDCAF24E64AB3005B049B /* LaunchScreen.storyboard in Resources */ = {isa = PBXBuildFile; fileRef = 085CDCAD24E64AB3005B049B /* LaunchScreen.storyboard */; };
		085CDCBA24E64AB3005B049B /* QuizTests.swift in Sources */ = {isa = PBXBuildFile; fileRef = 085CDCB924E64AB3005B049B /* QuizTests.swift */; };
		085CDCC524E64AB3005B049B /* QuizUITests.swift in Sources */ = {isa = PBXBuildFile; fileRef = 085CDCC424E64AB3005B049B /* QuizUITests.swift */; };
/* End PBXBuildFile section */

/* Begin PBXContainerItemProxy section */
		085CDCB624E64AB3005B049B /* PBXContainerItemProxy */ = {
			isa = PBXContainerItemProxy;
			containerPortal = 085CDC9724E64AB2005B049B /* Project object */;
			proxyType = 1;
			remoteGlobalIDString = 085CDC9E24E64AB2005B049B;
			remoteInfo = Quiz;
		};
		085CDCC124E64AB3005B049B /* PBXContainerItemProxy */ = {
			isa = PBXContainerItemProxy;
			containerPortal = 085CDC9724E64AB2005B049B /* Project object */;
			proxyType = 1;
			remoteGlobalIDString = 085CDC9E24E64AB2005B049B;
			remoteInfo = Quiz;
		};
/* End PBXContainerItemProxy section */

/* Begin PBXFileReference section */
		085CDC9F24E64AB2005B049B /* Quiz.app */ = {isa = PBXFileReference; explicitFileType = wrapper.application; includeInIndex = 0; path = Quiz.app; sourceTree = BUILT_PRODUCTS_DIR; };
		085CDCA224E64AB2005B049B /* AppDelegate.swift */ = {isa = PBXFileReference; lastKnownFileType = sourcecode.swift; path = AppDelegate.swift; sourceTree = "<group>"; };
		085CDCA424E64AB2005B049B /* SceneDelegate.swift */ = {isa = PBXFileReference; lastKnownFileType = sourcecode.swift; path = SceneDelegate.swift; sourceTree = "<group>"; };
		085CDCA624E64AB2005B049B /* ViewController.swift */ = {isa = PBXFileReference; lastKnownFileType = sourcecode.swift; path = ViewController.swift; sourceTree = "<group>"; };
		085CDCA924E64AB2005B049B /* Base */ = {isa = PBXFileReference; lastKnownFileType = file.storyboard; name = Base; path = Base.lproj/Main.storyboard; sourceTree = "<group>"; };
		085CDCAB24E64AB3005B049B /* Assets.xcassets */ = {isa = PBXFileReference; lastKnownFileType = folder.assetcatalog; path = Assets.xcassets; sourceTree = "<group>"; };
		085CDCAE24E64AB3005B049B /* Base */ = {isa = PBXFileReference; lastKnownFileType = file.storyboard; name = Base; path = Base.lproj/LaunchScreen.storyboard; sourceTree = "<group>"; };
		085CDCB024E64AB3005B049B /* Info.plist */ = {isa = PBXFileReference; lastKnownFileType = text.plist.xml; path = Info.plist; sourceTree = "<group>"; };
		085CDCB524E64AB3005B049B /* QuizTests.xctest */ = {isa = PBXFileReference; explicitFileType = wrapper.cfbundle; includeInIndex = 0; path = QuizTests.xctest; sourceTree = BUILT_PRODUCTS_DIR; };
		085CDCB924E64AB3005B049B /* QuizTests.swift */ = {isa = PBXFileReference; lastKnownFileType = sourcecode.swift; path = QuizTests.swift; sourceTree = "<group>"; };
		085CDCBB24E64AB3005B049B /* Info.plist */ = {isa = PBXFileReference; lastKnownFileType = text.plist.xml; path = Info.plist; sourceTree = "<group>"; };
		085CDCC024E64AB3005B049B /* QuizUITests.xctest */ = {isa = PBXFileReference; explicitFileType = wrapper.cfbundle; includeInIndex = 0; path = QuizUITests.xctest; sourceTree = BUILT_PRODUCTS_DIR; };
		085CDCC424E64AB3005B049B /* QuizUITests.swift */ = {isa = PBXFileReference; lastKnownFileType = sourcecode.swift; path = QuizUITests.swift; sourceTree = "<group>"; };
		085CDCC624E64AB3005B049B /* Info.plist */ = {isa = PBXFileReference; lastKnownFileType = text.plist.xml; path = Info.plist; sourceTree = "<group>"; };
/* End PBXFileReference section */

/* Begin PBXFrameworksBuildPhase section */
		085CDC9C24E64AB2005B049B /* Frameworks */ = {
			isa = PBXFrameworksBuildPhase;
			buildActionMask = 2147483647;
			files = (
			);
			runOnlyForDeploymentPostprocessing = 0;
		};
		085CDCB224E64AB3005B049B /* Frameworks */ = {
			isa = PBXFrameworksBuildPhase;
			buildActionMask = 2147483647;
			files = (
			);
			runOnlyForDeploymentPostprocessing = 0;
		};
		085CDCBD24E64AB3005B049B /* Frameworks */ = {
			isa = PBXFrameworksBuildPhase;
			buildActionMask = 2147483647;
			files = (
			);
			runOnlyForDeploymentPostprocessing = 0;
		};
/* End PBXFrameworksBuildPhase section */

/* Begin PBXGroup section */
		085CDC9624E64AB2005B049B = {
			isa = PBXGroup;
			children = (
				085CDCA124E64AB2005B049B /* Quiz */,
				085CDCB824E64AB3005B049B /* QuizTests */,
				085CDCC324E64AB3005B049B /* QuizUITests */,
				085CDCA024E64AB2005B049B /* Products */,
			);
			sourceTree = "<group>";
		};
		085CDCA024E64AB2005B049B /* Products */ = {
			isa = PBXGroup;
			children = (
				085CDC9F24E64AB2005B049B /* Quiz.app */,
				085CDCB524E64AB3005B049B /* QuizTests.xctest */,
				085CDCC024E64AB3005B049B /* QuizUITests.xctest */,
			);
			name = Products;
			sourceTree = "<group>";
		};
		085CDCA124E64AB2005B049B /* Quiz */ = {
			isa = PBXGroup;
			children = (
				085CDCA224E64AB2005B049B /* AppDelegate.swift */,
				085CDCA424E64AB2005B049B /* SceneDelegate.swift */,
				085CDCA624E64AB2005B049B /* ViewController.swift */,
				085CDCA824E64AB2005B049B /* Main.storyboard */,
				085CDCAB24E64AB3005B049B /* Assets.xcassets */,
				085CDCAD24E64AB3005B049B /* LaunchScreen.storyboard */,
				085CDCB024E64AB3005B049B /* Info.plist */,
			);
			path = Quiz;
			sourceTree = "<group>";
		};
		085CDCB824E64AB3005B049B /* QuizTests */ = {
			isa = PBXGroup;
			children = (
				085CDCB924E64AB3005B049B /* QuizTests.swift */,
				085CDCBB24E64AB3005B049B /* Info.plist */,
			);
			path = QuizTests;
			sourceTree = "<group>";
		};
		085CDCC324E64AB3005B049B /* QuizUITests */ = {
			isa = PBXGroup;
			children = (
				085CDCC424E64AB3005B049B /* QuizUITests.swift */,
				085CDCC624E64AB3005B049B /* Info.plist */,
			);
			path = QuizUITests;
			sourceTree = "<group>";
		};
/* End PBXGroup section */

/* Begin PBXNativeTarget section */
		085CDC9E24E64AB2005B049B /* Quiz */ = {
			isa = PBXNativeTarget;
			buildConfigurationList = 085CDCC924E64AB3005B049B /* Build configuration list for PBXNativeTarget "Quiz" */;
			buildPhases = (
				085CDC9B24E64AB2005B049B /* Sources */,
				085CDC9C24E64AB2005B049B /* Frameworks */,
				085CDC9D24E64AB2005B049B /* Resources */,
			);
			buildRules = (
			);
			dependencies = (
			);
			name = Quiz;
			productName = Quiz;
			productReference = 085CDC9F24E64AB2005B049B /* Quiz.app */;
			productType = "com.apple.product-type.application";
		};
		085CDCB424E64AB3005B049B /* QuizTests */ = {
			isa = PBXNativeTarget;
			buildConfigurationList = 085CDCCC24E64AB3005B049B /* Build configuration list for PBXNativeTarget "QuizTests" */;
			buildPhases = (
				085CDCB124E64AB3005B049B /* Sources */,
				085CDCB224E64AB3005B049B /* Frameworks */,
				085CDCB324E64AB3005B049B /* Resources */,
			);
			buildRules = (
			);
			dependencies = (
				085CDCB724E64AB3005B049B /* PBXTargetDependency */,
			);
			name = QuizTests;
			productName = QuizTests;
			productReference = 085CDCB524E64AB3005B049B /* QuizTests.xctest */;
			productType = "com.apple.product-type.bundle.unit-test";
		};
		085CDCBF24E64AB3005B049B /* QuizUITests */ = {
			isa = PBXNativeTarget;
			buildConfigurationList = 085CDCCF24E64AB3005B049B /* Build configuration list for PBXNativeTarget "QuizUITests" */;
			buildPhases = (
				085CDCBC24E64AB3005B049B /* Sources */,
				085CDCBD24E64AB3005B049B /* Frameworks */,
				085CDCBE24E64AB3005B049B /* Resources */,
			);
			buildRules = (
			);
			dependencies = (
				085CDCC224E64AB3005B049B /* PBXTargetDependency */,
			);
			name = QuizUITests;
			productName = QuizUITests;
			productReference = 085CDCC024E64AB3005B049B /* QuizUITests.xctest */;
			productType = "com.apple.product-type.bundle.ui-testing";
		};
/* End PBXNativeTarget section */

/* Begin PBXProject section */
		085CDC9724E64AB2005B049B /* Project object */ = {
			isa = PBXProject;
			attributes = {
				LastSwiftUpdateCheck = 1120;
				LastUpgradeCheck = 1120;
				ORGANIZATIONNAME = "Samksha Bhardwaj";
				TargetAttributes = {
					085CDC9E24E64AB2005B049B = {
						CreatedOnToolsVersion = 11.2.1;
					};
					085CDCB424E64AB3005B049B = {
						CreatedOnToolsVersion = 11.2.1;
						TestTargetID = 085CDC9E24E64AB2005B049B;
					};
					085CDCBF24E64AB3005B049B = {
						CreatedOnToolsVersion = 11.2.1;
						TestTargetID = 085CDC9E24E64AB2005B049B;
					};
				};
			};
			buildConfigurationList = 085CDC9A24E64AB2005B049B /* Build configuration list for PBXProject "Quiz" */;
			compatibilityVersion = "Xcode 9.3";
			developmentRegion = en;
			hasScannedForEncodings = 0;
			knownRegions = (
				en,
				Base,
			);
			mainGroup = 085CDC9624E64AB2005B049B;
			productRefGroup = 085CDCA024E64AB2005B049B /* Products */;
			projectDirPath = "";
			projectRoot = "";
			targets = (
				085CDC9E24E64AB2005B049B /* Quiz */,
				085CDCB424E64AB3005B049B /* QuizTests */,
				085CDCBF24E64AB3005B049B /* QuizUITests */,
			);
		};
/* End PBXProject section */

/* Begin PBXResourcesBuildPhase section */
		085CDC9D24E64AB2005B049B /* Resources */ = {
			isa = PBXResourcesBuildPhase;
			buildActionMask = 2147483647;
			files = (
				085CDCAF24E64AB3005B049B /* LaunchScreen.storyboard in Resources */,
				085CDCAC24E64AB3005B049B /* Assets.xcassets in Resources */,
				085CDCAA24E64AB2005B049B /* Main.storyboard in Resources */,
			);
			runOnlyForDeploymentPostprocessing = 0;
		};
		085CDCB324E64AB3005B049B /* Resources */ = {
			isa = PBXResourcesBuildPhase;
			buildActionMask = 2147483647;
			files = (
			);
			runOnlyForDeploymentPostprocessing = 0;
		};
		085CDCBE24E64AB3005B049B /* Resources */ = {
			isa = PBXResourcesBuildPhase;
			buildActionMask = 2147483647;
			files = (
			);
			runOnlyForDeploymentPostprocessing = 0;
		};
/* End PBXResourcesBuildPhase section */

/* Begin PBXSourcesBuildPhase section */
		085CDC9B24E64AB2005B049B /* Sources */ = {
			isa = PBXSourcesBuildPhase;
			buildActionMask = 2147483647;
			files = (
				085CDCA724E64AB2005B049B /* ViewController.swift in Sources */,
				085CDCA324E64AB2005B049B /* AppDelegate.swift in Sources */,
				085CDCA524E64AB2005B049B /* SceneDelegate.swift in Sources */,
			);
			runOnlyForDeploymentPostprocessing = 0;
		};
		085CDCB124E64AB3005B049B /* Sources */ = {
			isa = PBXSourcesBuildPhase;
			buildActionMask = 2147483647;
			files = (
				085CDCBA24E64AB3005B049B /* QuizTests.swift in Sources */,
			);
			runOnlyForDeploymentPostprocessing = 0;
		};
		085CDCBC24E64AB3005B049B /* Sources */ = {
			isa = PBXSourcesBuildPhase;
			buildActionMask = 2147483647;
			files = (
				085CDCC524E64AB3005B049B /* QuizUITests.swift in Sources */,
			);
			runOnlyForDeploymentPostprocessing = 0;
		};
/* End PBXSourcesBuildPhase section */

/* Begin PBXTargetDependency section */
		085CDCB724E64AB3005B049B /* PBXTargetDependency */ = {
			isa = PBXTargetDependency;
			target = 085CDC9E24E64AB2005B049B /* Quiz */;
			targetProxy = 085CDCB624E64AB3005B049B /* PBXContainerItemProxy */;
		};
		085CDCC224E64AB3005B049B /* PBXTargetDependency */ = {
			isa = PBXTargetDependency;
			target = 085CDC9E24E64AB2005B049B /* Quiz */;
			targetProxy = 085CDCC124E64AB3005B049B /* PBXContainerItemProxy */;
		};
/* End PBXTargetDependency section */

/* Begin PBXVariantGroup section */
		085CDCA824E64AB2005B049B /* Main.storyboard */ = {
			isa = PBXVariantGroup;
			children = (
				085CDCA924E64AB2005B049B /* Base */,
			);
			name = Main.storyboard;
			sourceTree = "<group>";
		};
		085CDCAD24E64AB3005B049B /* LaunchScreen.storyboard */ = {
			isa = PBXVariantGroup;
			children = (
				085CDCAE24E64AB3005B049B /* Base */,
			);
			name = LaunchScreen.storyboard;
			sourceTree = "<group>";
		};
/* End PBXVariantGroup section */

/* Begin XCBuildConfiguration section */
		085CDCC724E64AB3005B049B /* Debug */ = {
			isa = XCBuildConfiguration;
			buildSettings = {
				ALWAYS_SEARCH_USER_PATHS = NO;
				CLANG_ANALYZER_NONNULL = YES;
				CLANG_ANALYZER_NUMBER_OBJECT_CONVERSION = YES_AGGRESSIVE;
				CLANG_CXX_LANGUAGE_STANDARD = "gnu++14";
				CLANG_CXX_LIBRARY = "libc++";
				CLANG_ENABLE_MODULES = YES;
				CLANG_ENABLE_OBJC_ARC = YES;
				CLANG_ENABLE_OBJC_WEAK = YES;
				CLANG_WARN_BLOCK_CAPTURE_AUTORELEASING = YES;
				CLANG_WARN_BOOL_CONVERSION = YES;
				CLANG_WARN_COMMA = YES;
				CLANG_WARN_CONSTANT_CONVERSION = YES;
				CLANG_WARN_DEPRECATED_OBJC_IMPLEMENTATIONS = YES;
				CLANG_WARN_DIRECT_OBJC_ISA_USAGE = YES_ERROR;
				CLANG_WARN_DOCUMENTATION_COMMENTS = YES;
				CLANG_WARN_EMPTY_BODY = YES;
				CLANG_WARN_ENUM_CONVERSION = YES;
				CLANG_WARN_INFINITE_RECURSION = YES;
				CLANG_WARN_INT_CONVERSION = YES;
				CLANG_WARN_NON_LITERAL_NULL_CONVERSION = YES;
				CLANG_WARN_OBJC_IMPLICIT_RETAIN_SELF = YES;
				CLANG_WARN_OBJC_LITERAL_CONVERSION = YES;
				CLANG_WARN_OBJC_ROOT_CLASS = YES_ERROR;
				CLANG_WARN_RANGE_LOOP_ANALYSIS = YES;
				CLANG_WARN_STRICT_PROTOTYPES = YES;
				CLANG_WARN_SUSPICIOUS_MOVE = YES;
				CLANG_WARN_UNGUARDED_AVAILABILITY = YES_AGGRESSIVE;
				CLANG_WARN_UNREACHABLE_CODE = YES;
				CLANG_WARN__DUPLICATE_METHOD_MATCH = YES;
				COPY_PHASE_STRIP = NO;
				DEBUG_INFORMATION_FORMAT = dwarf;
				ENABLE_STRICT_OBJC_MSGSEND = YES;
				ENABLE_TESTABILITY = YES;
				GCC_C_LANGUAGE_STANDARD = gnu11;
				GCC_DYNAMIC_NO_PIC = NO;
				GCC_NO_COMMON_BLOCKS = YES;
				GCC_OPTIMIZATION_LEVEL = 0;
				GCC_PREPROCESSOR_DEFINITIONS = (
					"DEBUG=1",
					"$(inherited)",
				);
				GCC_WARN_64_TO_32_BIT_CONVERSION = YES;
				GCC_WARN_ABOUT_RETURN_TYPE = YES_ERROR;
				GCC_WARN_UNDECLARED_SELECTOR = YES;
				GCC_WARN_UNINITIALIZED_AUTOS = YES_AGGRESSIVE;
				GCC_WARN_UNUSED_FUNCTION = YES;
				GCC_WARN_UNUSED_VARIABLE = YES;
				IPHONEOS_DEPLOYMENT_TARGET = 13.2;
				MTL_ENABLE_DEBUG_INFO = INCLUDE_SOURCE;
				MTL_FAST_MATH = YES;
				ONLY_ACTIVE_ARCH = YES;
				SDKROOT = iphoneos;
				SWIFT_ACTIVE_COMPILATION_CONDITIONS = DEBUG;
				SWIFT_OPTIMIZATION_LEVEL = "-Onone";
			};
			name = Debug;
		};
		085CDCC824E64AB3005B049B /* Release */ = {
			isa = XCBuildConfiguration;
			buildSettings = {
				ALWAYS_SEARCH_USER_PATHS = NO;
				CLANG_ANALYZER_NONNULL = YES;
				CLANG_ANALYZER_NUMBER_OBJECT_CONVERSION = YES_AGGRESSIVE;
				CLANG_CXX_LANGUAGE_STANDARD = "gnu++14";
				CLANG_CXX_LIBRARY = "libc++";
				CLANG_ENABLE_MODULES = YES;
				CLANG_ENABLE_OBJC_ARC = YES;
				CLANG_ENABLE_OBJC_WEAK = YES;
				CLANG_WARN_BLOCK_CAPTURE_AUTORELEASING = YES;
				CLANG_WARN_BOOL_CONVERSION = YES;
				CLANG_WARN_COMMA = YES;
				CLANG_WARN_CONSTANT_CONVERSION = YES;
				CLANG_WARN_DEPRECATED_OBJC_IMPLEMENTATIONS = YES;
				CLANG_WARN_DIRECT_OBJC_ISA_USAGE = YES_ERROR;
				CLANG_WARN_DOCUMENTATION_COMMENTS = YES;
				CLANG_WARN_EMPTY_BODY = YES;
				CLANG_WARN_ENUM_CONVERSION = YES;
				CLANG_WARN_INFINITE_RECURSION = YES;
				CLANG_WARN_INT_CONVERSION = YES;
				CLANG_WARN_NON_LITERAL_NULL_CONVERSION = YES;
				CLANG_WARN_OBJC_IMPLICIT_RETAIN_SELF = YES;
				CLANG_WARN_OBJC_LITERAL_CONVERSION = YES;
				CLANG_WARN_OBJC_ROOT_CLASS = YES_ERROR;
				CLANG_WARN_RANGE_LOOP_ANALYSIS = YES;
				CLANG_WARN_STRICT_PROTOTYPES = YES;
				CLANG_WARN_SUSPICIOUS_MOVE = YES;
				CLANG_WARN_UNGUARDED_AVAILABILITY = YES_AGGRESSIVE;
				CLANG_WARN_UNREACHABLE_CODE = YES;
				CLANG_WARN__DUPLICATE_METHOD_MATCH = YES;
				COPY_PHASE_STRIP = NO;
				DEBUG_INFORMATION_FORMAT = "dwarf-with-dsym";
				ENABLE_NS_ASSERTIONS = NO;
				ENABLE_STRICT_OBJC_MSGSEND = YES;
				GCC_C_LANGUAGE_STANDARD = gnu11;
				GCC_NO_COMMON_BLOCKS = YES;
				GCC_WARN_64_TO_32_BIT_CONVERSION = YES;
				GCC_WARN_ABOUT_RETURN_TYPE = YES_ERROR;
				GCC_WARN_UNDECLARED_SELECTOR = YES;
				GCC_WARN_UNINITIALIZED_AUTOS = YES_AGGRESSIVE;
				GCC_WARN_UNUSED_FUNCTION = YES;
				GCC_WARN_UNUSED_VARIABLE = YES;
				IPHONEOS_DEPLOYMENT_TARGET = 13.2;
				MTL_ENABLE_DEBUG_INFO = NO;
				MTL_FAST_MATH = YES;
				SDKROOT = iphoneos;
				SWIFT_COMPILATION_MODE = wholemodule;
				SWIFT_OPTIMIZATION_LEVEL = "-O";
				VALIDATE_PRODUCT = YES;
			};
			name = Release;
		};
		085CDCCA24E64AB3005B049B /* Debug */ = {
			isa = XCBuildConfiguration;
			buildSettings = {
				ASSETCATALOG_COMPILER_APPICON_NAME = AppIcon;
				CODE_SIGN_STYLE = Automatic;
				INFOPLIST_FILE = Quiz/Info.plist;
				LD_RUNPATH_SEARCH_PATHS = (
					"$(inherited)",
					"@executable_path/Frameworks",
				);
				PRODUCT_BUNDLE_IDENTIFIER = com.bignerdranch.Quiz;
				PRODUCT_NAME = "$(TARGET_NAME)";
				SWIFT_VERSION = 5.0;
				TARGETED_DEVICE_FAMILY = "1,2";
			};
			name = Debug;
		};
		085CDCCB24E64AB3005B049B /* Release */ = {
			isa = XCBuildConfiguration;
			buildSettings = {
				ASSETCATALOG_COMPILER_APPICON_NAME = AppIcon;
				CODE_SIGN_STYLE = Automatic;
				INFOPLIST_FILE = Quiz/Info.plist;
				LD_RUNPATH_SEARCH_PATHS = (
					"$(inherited)",
					"@executable_path/Frameworks",
				);
				PRODUCT_BUNDLE_IDENTIFIER = com.bignerdranch.Quiz;
				PRODUCT_NAME = "$(TARGET_NAME)";
				SWIFT_VERSION = 5.0;
				TARGETED_DEVICE_FAMILY = "1,2";
			};
			name = Release;
		};
		085CDCCD24E64AB3005B049B /* Debug */ = {
			isa = XCBuildConfiguration;
			buildSettings = {
				ALWAYS_EMBED_SWIFT_STANDARD_LIBRARIES = YES;
				BUNDLE_LOADER = "$(TEST_HOST)";
				CODE_SIGN_STYLE = Automatic;
				INFOPLIST_FILE = QuizTests/Info.plist;
				IPHONEOS_DEPLOYMENT_TARGET = 13.2;
				LD_RUNPATH_SEARCH_PATHS = (
					"$(inherited)",
					"@executable_path/Frameworks",
					"@loader_path/Frameworks",
				);
				PRODUCT_BUNDLE_IDENTIFIER = com.bignerdranch.QuizTests;
				PRODUCT_NAME = "$(TARGET_NAME)";
				SWIFT_VERSION = 5.0;
				TARGETED_DEVICE_FAMILY = "1,2";
				TEST_HOST = "$(BUILT_PRODUCTS_DIR)/Quiz.app/Quiz";
			};
			name = Debug;
		};
		085CDCCE24E64AB3005B049B /* Release */ = {
			isa = XCBuildConfiguration;
			buildSettings = {
				ALWAYS_EMBED_SWIFT_STANDARD_LIBRARIES = YES;
				BUNDLE_LOADER = "$(TEST_HOST)";
				CODE_SIGN_STYLE = Automatic;
				INFOPLIST_FILE = QuizTests/Info.plist;
				IPHONEOS_DEPLOYMENT_TARGET = 13.2;
				LD_RUNPATH_SEARCH_PATHS = (
					"$(inherited)",
					"@executable_path/Frameworks",
					"@loader_path/Frameworks",
				);
				PRODUCT_BUNDLE_IDENTIFIER = com.bignerdranch.QuizTests;
				PRODUCT_NAME = "$(TARGET_NAME)";
				SWIFT_VERSION = 5.0;
				TARGETED_DEVICE_FAMILY = "1,2";
				TEST_HOST = "$(BUILT_PRODUCTS_DIR)/Quiz.app/Quiz";
			};
			name = Release;
		};
		085CDCD024E64AB3005B049B /* Debug */ = {
			isa = XCBuildConfiguration;
			buildSettings = {
				ALWAYS_EMBED_SWIFT_STANDARD_LIBRARIES = YES;
				CODE_SIGN_STYLE = Automatic;
				INFOPLIST_FILE = QuizUITests/Info.plist;
				LD_RUNPATH_SEARCH_PATHS = (
					"$(inherited)",
					"@executable_path/Frameworks",
					"@loader_path/Frameworks",
				);
				PRODUCT_BUNDLE_IDENTIFIER = com.bignerdranch.QuizUITests;
				PRODUCT_NAME = "$(TARGET_NAME)";
				SWIFT_VERSION = 5.0;
				TARGETED_DEVICE_FAMILY = "1,2";
				TEST_TARGET_NAME = Quiz;
			};
			name = Debug;
		};
		085CDCD124E64AB3005B049B /* Release */ = {
			isa = XCBuildConfiguration;
			buildSettings = {
				ALWAYS_EMBED_SWIFT_STANDARD_LIBRARIES = YES;
				CODE_SIGN_STYLE = Automatic;
				INFOPLIST_FILE = QuizUITests/Info.plist;
				LD_RUNPATH_SEARCH_PATHS = (
					"$(inherited)",
					"@executable_path/Frameworks",
					"@loader_path/Frameworks",
				);
				PRODUCT_BUNDLE_IDENTIFIER = com.bignerdranch.QuizUITests;
				PRODUCT_NAME = "$(TARGET_NAME)";
				SWIFT_VERSION = 5.0;
				TARGETED_DEVICE_FAMILY = "1,2";
				TEST_TARGET_NAME = Quiz;
			};
			name = Release;
		};
/* End XCBuildConfiguration section */

/* Begin XCConfigurationList section */
		085CDC9A24E64AB2005B049B /* Build configuration list for PBXProject "Quiz" */ = {
			isa = XCConfigurationList;
			buildConfigurations = (
				085CDCC724E64AB3005B049B /* Debug */,
				085CDCC824E64AB3005B049B /* Release */,
			);
			defaultConfigurationIsVisible = 0;
			defaultConfigurationName = Release;
		};
		085CDCC924E64AB3005B049B /* Build configuration list for PBXNativeTarget "Quiz" */ = {
			isa = XCConfigurationList;
			buildConfigurations = (
				085CDCCA24E64AB3005B049B /* Debug */,
				085CDCCB24E64AB3005B049B /* Release */,
			);
			defaultConfigurationIsVisible = 0;
			defaultConfigurationName = Release;
		};
		085CDCCC24E64AB3005B049B /* Build configuration list for PBXNativeTarget "QuizTests" */ = {
			isa = XCConfigurationList;
			buildConfigurations = (
				085CDCCD24E64AB3005B049B /* Debug */,
				085CDCCE24E64AB3005B049B /* Release */,
			);
			defaultConfigurationIsVisible = 0;
			defaultConfigurationName = Release;
		};
		085CDCCF24E64AB3005B049B /* Build configuration list for PBXNativeTarget "QuizUITests" */ = {
			isa = XCConfigurationList;
			buildConfigurations = (
				085CDCD024E64AB3005B049B /* Debug */,
				085CDCD124E64AB3005B049B /* Release */,
			);
			defaultConfigurationIsVisible = 0;
			defaultConfigurationName = Release;
		};
/* End XCConfigurationList section */
	};
	rootObject = 085CDC9724E64AB2005B049B /* Project object */;
}
